# THIS IS AN AUTOGENERATED FILE. DO NOT EDIT THIS FILE DIRECTLY.
# yarn lockfile v1


camelcase@~3.0.0:
  version "3.0.0"
  resolved "https://registry.yarnpkg.com/camelcase/-/camelcase-3.0.0.tgz#32fc4b9fcdaf845fcdf7e73bb97cac2261f0ab0a"

foldline@~1.0.0:
  version "1.0.0"
  resolved "https://registry.yarnpkg.com/foldline/-/foldline-1.0.0.tgz#59b0ff2a9c51e0ed2bed94cad156153b58191009"

vcf@^2.0.1:
  version "2.0.1"
  resolved "https://registry.yarnpkg.com/vcf/-/vcf-2.0.1.tgz#7e16e51ca67aa3f2917137f01d40ccde18fab4f6"
  dependencies:
    camelcase "~3.0.0"
    foldline "~1.0.0"
